{
  "name": "aws-xray-sdk-prisma-samples",
  "version": "1.0.0",
  "lockfileVersion": 3,
  "requires": true,
  "packages": {
    "": {
      "name": "aws-xray-sdk-prisma-samples",
      "version": "1.0.0",
      "dependencies": {
        "@prisma/client": "^4.15.0",
        "aws-xray-sdk-prisma": "file:.."
      },
      "devDependencies": {
        "prisma": "^4.15.0"
      }
    },
    "..": {
      "name": "aws-xray-sdk-prisma",
      "version": "3.5.0",
      "license": "Apache-2.0",
      "devDependencies": {
        "@prisma/client": "^4.15.0"
      },
      "engines": {
        "node": ">= 14.x"
      },
      "peerDependencies": {
        "@prisma/client": "^4.0.0",
        "aws-xray-sdk-core": "^3.5.0"
      }
    },
    "node_modules/@prisma/client": {
      "version": "4.15.0",
      "resolved": "https://registry.npmjs.org/@prisma/client/-/client-4.15.0.tgz",
      "integrity": "sha512-xnROvyABcGiwqRNdrObHVZkD9EjkJYHOmVdlKy1yGgI+XOzvMzJ4tRg3dz1pUlsyhKxXGCnjIQjWW+2ur+YXuw==",
      "hasInstallScript": true,
      "dependencies": {
        "@prisma/engines-version": "4.15.0-28.8fbc245156db7124f997f4cecdd8d1219e360944"
      },
      "engines": {
        "node": ">=14.17"
      },
      "peerDependencies": {
        "prisma": "*"
      },
      "peerDependenciesMeta": {
        "prisma": {
          "optional": true
        }
      }
    },
    "node_modules/@prisma/engines": {
      "version": "4.15.0",
      "resolved": "https://registry.npmjs.org/@prisma/engines/-/engines-4.15.0.tgz",
      "integrity": "sha512-FTaOCGs0LL0OW68juZlGxFtYviZa4xdQj/rQEdat2txw0s3Vu/saAPKjNVXfIgUsGXmQ72HPgNr6935/P8FNAA==",
      "devOptional": true,
      "hasInstallScript": true
    },
    "node_modules/@prisma/engines-version": {
      "version": "4.15.0-28.8fbc245156db7124f997f4cecdd8d1219e360944",
      "resolved": "https://registry.npmjs.org/@prisma/engines-version/-/engines-version-4.15.0-28.8fbc245156db7124f997f4cecdd8d1219e360944.tgz",
      "integrity": "sha512-sVOig4tjGxxlYaFcXgE71f/rtFhzyYrfyfNFUsxCIEJyVKU9rdOWIlIwQ2NQ7PntvGnn+x0XuFo4OC1jvPJKzg=="
    },
    "node_modules/aws-xray-sdk-prisma": {
      "resolved": "..",
      "link": true
    },
    "node_modules/prisma": {
      "version": "4.15.0",
      "resolved": "https://registry.npmjs.org/prisma/-/prisma-4.15.0.tgz",
      "integrity": "sha512-iKZZpobPl48gTcSZVawLMQ3lEy6BnXwtoMj7hluoGFYu2kQ6F9LBuBrUyF95zRVnNo8/3KzLXJXJ5TEnLSJFiA==",
      "devOptional": true,
      "hasInstallScript": true,
      "dependencies": {
        "@prisma/engines": "4.15.0"
      },
      "bin": {
        "prisma": "build/index.js",
        "prisma2": "build/index.js"
      },
      "engines": {
        "node": ">=14.17"
      }
    }
  }
}
